<?xml version="1.0" encoding="utf-8"?>
<Project ToolsVersion="4.0" xmlns="http://schemas.microsoft.com/developer/msbuild/2003">
  <ItemGroup>
    <Filter Include="ソース ファイル">
      <UniqueIdentifier>{4FC737F1-C7A5-4376-A066-2A32D752A2FF}</UniqueIdentifier>
      <Extensions>cpp;c;cc;cxx;c++;cppm;ixx;def;odl;idl;hpj;bat;asm;asmx</Extensions>
    </Filter>
    <Filter Include="リソース ファイル">
      <UniqueIdentifier>{67DA6AB6-F800-4c08-8B7A-83BB121AAD01}</UniqueIdentifier>
      <Extensions>rc;ico;cur;bmp;dlg;rc2;rct;bin;rgs;gif;jpg;jpeg;jpe;resx;tiff;tif;png;wav;mfcribbon-ms</Extensions>
    </Filter>
    <Filter Include="Collider">
      <UniqueIdentifier>{4e113239-1014-4f9e-b241-5e8746136f2c}</UniqueIdentifier>
    </Filter>
    <Filter Include="Collider\Interface">
      <UniqueIdentifier>{ef2571a1-daa0-475c-8166-03c6a9e2d73f}</UniqueIdentifier>
    </Filter>
    <Filter Include="Collider\Capsule">
      <UniqueIdentifier>{0b05f077-a242-4b79-b7f1-f6772ae9b9a4}</UniqueIdentifier>
    </Filter>
    <Filter Include="Move">
      <UniqueIdentifier>{a8cccfef-8043-4cef-b421-3576cc310202}</UniqueIdentifier>
    </Filter>
    <Filter Include="Input">
      <UniqueIdentifier>{9a016435-299c-41fe-8d0a-4003b0cd2d07}</UniqueIdentifier>
    </Filter>
    <Filter Include="Camera">
      <UniqueIdentifier>{1807dcc4-4618-492e-a2fa-ec6fc5f481e2}</UniqueIdentifier>
    </Filter>
    <Filter Include="Time">
      <UniqueIdentifier>{77ea74d1-b2d2-4a31-830f-18b556726e09}</UniqueIdentifier>
    </Filter>
    <Filter Include="Character">
      <UniqueIdentifier>{93995380-89BD-4b04-88EB-625FBE52EBFB}</UniqueIdentifier>
      <Extensions>h;hh;hpp;hxx;h++;hm;inl;inc;ipp;xsd</Extensions>
    </Filter>
    <Filter Include="Character\Status">
      <UniqueIdentifier>{295658d5-fb67-43c8-abd9-dc2514189837}</UniqueIdentifier>
    </Filter>
    <Filter Include="Character\base">
      <UniqueIdentifier>{f8a9f193-de9c-48ba-83e8-238a15b8c71d}</UniqueIdentifier>
    </Filter>
    <Filter Include="Character\Player">
      <UniqueIdentifier>{fb87e74f-ef5a-4425-9ad4-de2fc7aad7f8}</UniqueIdentifier>
    </Filter>
  </ItemGroup>
  <ItemGroup>
    <ClCompile Include="main.cpp">
      <Filter>ソース ファイル</Filter>
    </ClCompile>
    <ClCompile Include="Capsule.cpp">
      <Filter>Collider\Capsule</Filter>
    </ClCompile>
    <ClCompile Include="Move.cpp">
      <Filter>Move</Filter>
    </ClCompile>
    <ClCompile Include="Input.cpp">
      <Filter>Input</Filter>
    </ClCompile>
    <ClCompile Include="Camera.cpp">
      <Filter>Camera</Filter>
    </ClCompile>
    <ClCompile Include="Time.cpp">
      <Filter>Time</Filter>
    </ClCompile>
    <ClCompile Include="Status.cpp">
      <Filter>Character\Status</Filter>
    </ClCompile>
    <ClCompile Include="Character.cpp">
      <Filter>Character\base</Filter>
    </ClCompile>
    <ClCompile Include="Player.cpp">
      <Filter>Character\Player</Filter>
    </ClCompile>
  </ItemGroup>
  <ItemGroup>
    <ClInclude Include="ICollider.hpp">
      <Filter>Collider\Interface</Filter>
    </ClInclude>
    <ClInclude Include="Capsule.hpp">
      <Filter>Collider\Capsule</Filter>
    </ClInclude>
    <ClInclude Include="Move.hpp">
      <Filter>Move</Filter>
    </ClInclude>
    <ClInclude Include="Input.hpp">
      <Filter>Input</Filter>
    </ClInclude>
    <ClInclude Include="Camera.hpp">
      <Filter>Camera</Filter>
    </ClInclude>
    <ClInclude Include="Time.hpp">
      <Filter>Time</Filter>
    </ClInclude>
    <ClInclude Include="Character.hpp">
      <Filter>Character\base</Filter>
    </ClInclude>
    <ClInclude Include="Status.hpp">
      <Filter>Character\Status</Filter>
    </ClInclude>
    <ClInclude Include="Player.hpp">
      <Filter>Character\Player</Filter>
    </ClInclude>
  </ItemGroup>
</Project>